
Microsoft Visual Studio Solution File, Format Version 12.00
# Visual Studio Version 17
VisualStudioVersion = 17.10.35013.160
MinimumVisualStudioVersion = 10.0.40219.1
Project("{9A19103F-16F7-4668-BE54-9A1E7A4F7556}") = "Foxoft", "Foxoft\Foxoft.csproj", "{F5E905B5-E76C-4751-B1E3-D415C01E9C61}"
EndProject
Global
	GlobalSection(SolutionConfigurationPlatforms) = preSolution
		Debug|Any CPU = Debug|Any CPU
		Release|Any CPU = Release|Any CPU
	EndGlobalSection
	GlobalSection(ProjectConfigurationPlatforms) = postSolution
		{F5E905B5-E76C-4751-B1E3-D415C01E9C61}.Debug|Any CPU.ActiveCfg = Debug|Any CPU
		{F5E905B5-E76C-4751-B1E3-D415C01E9C61}.Debug|Any CPU.Build.0 = Debug|Any CPU
		{F5E905B5-E76C-4751-B1E3-D415C01E9C61}.Release|Any CPU.ActiveCfg = Release|Any CPU
		{F5E905B5-E76C-4751-B1E3-D415C01E9C61}.Release|Any CPU.Build.0 = Release|Any CPU
	EndGlobalSection
	GlobalSection(SolutionProperties) = preSolution
		HideSolutionNode = FALSE
	EndGlobalSection
	GlobalSection(ExtensibilityGlobals) = postSolution
		SolutionGuid = {92CED740-65D2-4456-8E50-19F3FA35C7AB}
	EndGlobalSection
EndGlobal
