
Microsoft Visual Studio Solution File, Format Version 12.00
# Visual Studio Version 16
VisualStudioVersion = 16.0.32106.194
MinimumVisualStudioVersion = 10.0.40219.1
Project("{9A19103F-16F7-4668-BE54-9A1E7A4F7556}") = "Foxoft", "Foxoft\Foxoft.csproj", "{75DCEC74-A190-448E-8059-01A83E1EBBFB}"
EndProject
Project("{54435603-DBB4-11D2-8724-00A0C9A8B90C}") = "Setup", "Setup\Setup.vdproj", "{86C40E92-DF1F-4B19-9CEB-EFAB5E1F2780}"
EndProject
Global
	GlobalSection(SolutionConfigurationPlatforms) = preSolution
		Debug|Any CPU = Debug|Any CPU
		Release|Any CPU = Release|Any CPU
	EndGlobalSection
	GlobalSection(ProjectConfigurationPlatforms) = postSolution
		{75DCEC74-A190-448E-8059-01A83E1EBBFB}.Debug|Any CPU.ActiveCfg = Debug|Any CPU
		{75DCEC74-A190-448E-8059-01A83E1EBBFB}.Debug|Any CPU.Build.0 = Debug|Any CPU
		{75DCEC74-A190-448E-8059-01A83E1EBBFB}.Release|Any CPU.ActiveCfg = Release|Any CPU
		{75DCEC74-A190-448E-8059-01A83E1EBBFB}.Release|Any CPU.Build.0 = Release|Any CPU
		{86C40E92-DF1F-4B19-9CEB-EFAB5E1F2780}.Debug|Any CPU.ActiveCfg = Debug
		{86C40E92-DF1F-4B19-9CEB-EFAB5E1F2780}.Debug|Any CPU.Build.0 = Debug
		{86C40E92-DF1F-4B19-9CEB-EFAB5E1F2780}.Release|Any CPU.ActiveCfg = Release
	EndGlobalSection
	GlobalSection(SolutionProperties) = preSolution
		HideSolutionNode = FALSE
	EndGlobalSection
	GlobalSection(ExtensibilityGlobals) = postSolution
		SolutionGuid = {55AC542D-AF6D-441D-A99E-8206F90DDD88}
	EndGlobalSection
EndGlobal
